
Microsoft Visual Studio Solution File, Format Version 12.00
# Visual Studio 15
VisualStudioVersion = 15.0.28307.329
MinimumVisualStudioVersion = 10.0.40219.1
Project("{FAE04EC0-301F-11D3-BF4B-00C04F79EFBC}") = "Calculator", "Calculator\Calculator.csproj", "{F18C7589-DC98-426C-99C7-A2E5EAEBF756}"
EndProject
Global
	GlobalSection(SolutionConfigurationPlatforms) = preSolution
		Debug|Any CPU = Debug|Any CPU
		Release|Any CPU = Release|Any CPU
	EndGlobalSection
	GlobalSection(ProjectConfigurationPlatforms) = postSolution
		{F18C7589-DC98-426C-99C7-A2E5EAEBF756}.Debug|Any CPU.ActiveCfg = Debug|Any CPU
		{F18C7589-DC98-426C-99C7-A2E5EAEBF756}.Debug|Any CPU.Build.0 = Debug|Any CPU
		{F18C7589-DC98-426C-99C7-A2E5EAEBF756}.Release|Any CPU.ActiveCfg = Release|Any CPU
		{F18C7589-DC98-426C-99C7-A2E5EAEBF756}.Release|Any CPU.Build.0 = Release|Any CPU
	EndGlobalSection
	GlobalSection(SolutionProperties) = preSolution
		HideSolutionNode = FALSE
	EndGlobalSection
	GlobalSection(ExtensibilityGlobals) = postSolution
		SolutionGuid = {41E8342C-44D0-48DF-A388-9890E4A4E1D5}
	EndGlobalSection
EndGlobal
